// !$*UTF8*$!
{
	archiveVersion = 1;
	classes = {
	};
	objectVersion = 50;
	objects = {

/* Begin PBXBuildFile section */
		7F0DBABD23F4BF4500BA8816 /* GitHubAPIService.swift in Sources */ = {isa = PBXBuildFile; fileRef = 7F0DBABC23F4BF4500BA8816 /* GitHubAPIService.swift */; };
		7F23AC2B23CD0CD900A6210D /* RepoStatsNumbersVC.swift in Sources */ = {isa = PBXBuildFile; fileRef = 7F23AC2A23CD0CD900A6210D /* RepoStatsNumbersVC.swift */; };
		7F4109C023B540400046664D /* AppDelegate.swift in Sources */ = {isa = PBXBuildFile; fileRef = 7F4109BF23B540400046664D /* AppDelegate.swift */; };
		7F4109C223B540400046664D /* SceneDelegate.swift in Sources */ = {isa = PBXBuildFile; fileRef = 7F4109C123B540400046664D /* SceneDelegate.swift */; };
		7F4109C923B540410046664D /* Assets.xcassets in Resources */ = {isa = PBXBuildFile; fileRef = 7F4109C823B540410046664D /* Assets.xcassets */; };
		7F4109CC23B540410046664D /* LaunchScreen.storyboard in Resources */ = {isa = PBXBuildFile; fileRef = 7F4109CA23B540410046664D /* LaunchScreen.storyboard */; };
		7F4109D723B540410046664D /* GitHubFollowersTests.swift in Sources */ = {isa = PBXBuildFile; fileRef = 7F4109D623B540410046664D /* GitHubFollowersTests.swift */; };
		7F4109E223B540410046664D /* GitHubFollowersUITests.swift in Sources */ = {isa = PBXBuildFile; fileRef = 7F4109E123B540410046664D /* GitHubFollowersUITests.swift */; };
		7F4109F523B544F90046664D /* MainTabBarVC.swift in Sources */ = {isa = PBXBuildFile; fileRef = 7F4109F423B544F90046664D /* MainTabBarVC.swift */; };
		7F4109F723B54C650046664D /* SearchVC.swift in Sources */ = {isa = PBXBuildFile; fileRef = 7F4109F623B54C650046664D /* SearchVC.swift */; };
		7F4109F923B54C9C0046664D /* FavoritesVC.swift in Sources */ = {isa = PBXBuildFile; fileRef = 7F4109F823B54C9C0046664D /* FavoritesVC.swift */; };
		7F4109FD23B5AC760046664D /* FollowersVC.swift in Sources */ = {isa = PBXBuildFile; fileRef = 7F4109FC23B5AC760046664D /* FollowersVC.swift */; };
		7F892A9223FCA8420015EE16 /* ErrorMessageView.swift in Sources */ = {isa = PBXBuildFile; fileRef = 7F892A9123FCA8420015EE16 /* ErrorMessageView.swift */; };
		7FC68A1F23E14613000A7256 /* NoFollowersView.swift in Sources */ = {isa = PBXBuildFile; fileRef = 7FC68A1E23E14613000A7256 /* NoFollowersView.swift */; };
		7FDB3CB223B7B8EF00164B9D /* Follower.swift in Sources */ = {isa = PBXBuildFile; fileRef = 7FDB3CB123B7B8EF00164B9D /* Follower.swift */; };
		7FDB3CB523B7C31500164B9D /* Constants.swift in Sources */ = {isa = PBXBuildFile; fileRef = 7FDB3CB423B7C31500164B9D /* Constants.swift */; };
		7FDB3CB823B7C5F600164B9D /* FollowerCell.swift in Sources */ = {isa = PBXBuildFile; fileRef = 7FDB3CB723B7C5F600164B9D /* FollowerCell.swift */; };
		7FE1659D24009D5F00ADD52A /* FavoritesCell.swift in Sources */ = {isa = PBXBuildFile; fileRef = 7FE1659C24009D5F00ADD52A /* FavoritesCell.swift */; };
		7FF6A97823BDAE2C00172027 /* FollowerDetailsVC.swift in Sources */ = {isa = PBXBuildFile; fileRef = 7FF6A97723BDAE2C00172027 /* FollowerDetailsVC.swift */; };
		7FF796E723BE6DEA00F9C61E /* User.swift in Sources */ = {isa = PBXBuildFile; fileRef = 7FF796E623BE6DEA00F9C61E /* User.swift */; };
		7FF9D06123C1A1730082FBCD /* FollowerInfoVC.swift in Sources */ = {isa = PBXBuildFile; fileRef = 7FF9D06023C1A1730082FBCD /* FollowerInfoVC.swift */; };
		7FFBEF7223C6DB7E00727847 /* RepoStatsVC.swift in Sources */ = {isa = PBXBuildFile; fileRef = 7FFBEF7123C6DB7E00727847 /* RepoStatsVC.swift */; };
		7FFBEF7423C6DBC300727847 /* FollowerStatsVC.swift in Sources */ = {isa = PBXBuildFile; fileRef = 7FFBEF7323C6DBC300727847 /* FollowerStatsVC.swift */; };
		7FFF650423F26E1500900693 /* AlertVC.swift in Sources */ = {isa = PBXBuildFile; fileRef = 7FFF650323F26E1500900693 /* AlertVC.swift */; };
/* End PBXBuildFile section */

/* Begin PBXContainerItemProxy section */
		7F4109D323B540410046664D /* PBXContainerItemProxy */ = {
			isa = PBXContainerItemProxy;
			containerPortal = 7F4109B423B540400046664D /* Project object */;
			proxyType = 1;
			remoteGlobalIDString = 7F4109BB23B540400046664D;
			remoteInfo = GitHubFollowers;
		};
		7F4109DE23B540410046664D /* PBXContainerItemProxy */ = {
			isa = PBXContainerItemProxy;
			containerPortal = 7F4109B423B540400046664D /* Project object */;
			proxyType = 1;
			remoteGlobalIDString = 7F4109BB23B540400046664D;
			remoteInfo = GitHubFollowers;
		};
/* End PBXContainerItemProxy section */

/* Begin PBXFileReference section */
		7F0DBABC23F4BF4500BA8816 /* GitHubAPIService.swift */ = {isa = PBXFileReference; lastKnownFileType = sourcecode.swift; path = GitHubAPIService.swift; sourceTree = "<group>"; };
		7F23AC2A23CD0CD900A6210D /* RepoStatsNumbersVC.swift */ = {isa = PBXFileReference; lastKnownFileType = sourcecode.swift; path = RepoStatsNumbersVC.swift; sourceTree = "<group>"; };
		7F4109BC23B540400046664D /* Followers.app */ = {isa = PBXFileReference; explicitFileType = wrapper.application; includeInIndex = 0; path = Followers.app; sourceTree = BUILT_PRODUCTS_DIR; };
		7F4109BF23B540400046664D /* AppDelegate.swift */ = {isa = PBXFileReference; lastKnownFileType = sourcecode.swift; path = AppDelegate.swift; sourceTree = "<group>"; };
		7F4109C123B540400046664D /* SceneDelegate.swift */ = {isa = PBXFileReference; lastKnownFileType = sourcecode.swift; path = SceneDelegate.swift; sourceTree = "<group>"; };
		7F4109C823B540410046664D /* Assets.xcassets */ = {isa = PBXFileReference; lastKnownFileType = folder.assetcatalog; path = Assets.xcassets; sourceTree = "<group>"; };
		7F4109CB23B540410046664D /* Base */ = {isa = PBXFileReference; lastKnownFileType = file.storyboard; name = Base; path = Base.lproj/LaunchScreen.storyboard; sourceTree = "<group>"; };
		7F4109CD23B540410046664D /* Info.plist */ = {isa = PBXFileReference; lastKnownFileType = text.plist.xml; path = Info.plist; sourceTree = "<group>"; };
		7F4109D223B540410046664D /* GitHubFollowersTests.xctest */ = {isa = PBXFileReference; explicitFileType = wrapper.cfbundle; includeInIndex = 0; path = GitHubFollowersTests.xctest; sourceTree = BUILT_PRODUCTS_DIR; };
		7F4109D623B540410046664D /* GitHubFollowersTests.swift */ = {isa = PBXFileReference; lastKnownFileType = sourcecode.swift; path = GitHubFollowersTests.swift; sourceTree = "<group>"; };
		7F4109D823B540410046664D /* Info.plist */ = {isa = PBXFileReference; lastKnownFileType = text.plist.xml; path = Info.plist; sourceTree = "<group>"; };
		7F4109DD23B540410046664D /* GitHubFollowersUITests.xctest */ = {isa = PBXFileReference; explicitFileType = wrapper.cfbundle; includeInIndex = 0; path = GitHubFollowersUITests.xctest; sourceTree = BUILT_PRODUCTS_DIR; };
		7F4109E123B540410046664D /* GitHubFollowersUITests.swift */ = {isa = PBXFileReference; lastKnownFileType = sourcecode.swift; path = GitHubFollowersUITests.swift; sourceTree = "<group>"; };
		7F4109E323B540410046664D /* Info.plist */ = {isa = PBXFileReference; lastKnownFileType = text.plist.xml; path = Info.plist; sourceTree = "<group>"; };
		7F4109F423B544F90046664D /* MainTabBarVC.swift */ = {isa = PBXFileReference; lastKnownFileType = sourcecode.swift; path = MainTabBarVC.swift; sourceTree = "<group>"; };
		7F4109F623B54C650046664D /* SearchVC.swift */ = {isa = PBXFileReference; lastKnownFileType = sourcecode.swift; path = SearchVC.swift; sourceTree = "<group>"; };
		7F4109F823B54C9C0046664D /* FavoritesVC.swift */ = {isa = PBXFileReference; lastKnownFileType = sourcecode.swift; path = FavoritesVC.swift; sourceTree = "<group>"; };
		7F4109FC23B5AC760046664D /* FollowersVC.swift */ = {isa = PBXFileReference; lastKnownFileType = sourcecode.swift; path = FollowersVC.swift; sourceTree = "<group>"; };
		7F892A9123FCA8420015EE16 /* ErrorMessageView.swift */ = {isa = PBXFileReference; lastKnownFileType = sourcecode.swift; path = ErrorMessageView.swift; sourceTree = "<group>"; };
		7FC68A1E23E14613000A7256 /* NoFollowersView.swift */ = {isa = PBXFileReference; lastKnownFileType = sourcecode.swift; path = NoFollowersView.swift; sourceTree = "<group>"; };
		7FDB3CB123B7B8EF00164B9D /* Follower.swift */ = {isa = PBXFileReference; lastKnownFileType = sourcecode.swift; path = Follower.swift; sourceTree = "<group>"; };
		7FDB3CB423B7C31500164B9D /* Constants.swift */ = {isa = PBXFileReference; lastKnownFileType = sourcecode.swift; path = Constants.swift; sourceTree = "<group>"; };
		7FDB3CB723B7C5F600164B9D /* FollowerCell.swift */ = {isa = PBXFileReference; lastKnownFileType = sourcecode.swift; path = FollowerCell.swift; sourceTree = "<group>"; };
		7FE1659C24009D5F00ADD52A /* FavoritesCell.swift */ = {isa = PBXFileReference; lastKnownFileType = sourcecode.swift; path = FavoritesCell.swift; sourceTree = "<group>"; };
		7FF6A97723BDAE2C00172027 /* FollowerDetailsVC.swift */ = {isa = PBXFileReference; lastKnownFileType = sourcecode.swift; path = FollowerDetailsVC.swift; sourceTree = "<group>"; };
		7FF796E623BE6DEA00F9C61E /* User.swift */ = {isa = PBXFileReference; lastKnownFileType = sourcecode.swift; path = User.swift; sourceTree = "<group>"; };
		7FF9D06023C1A1730082FBCD /* FollowerInfoVC.swift */ = {isa = PBXFileReference; lastKnownFileType = sourcecode.swift; path = FollowerInfoVC.swift; sourceTree = "<group>"; };
		7FFBEF7123C6DB7E00727847 /* RepoStatsVC.swift */ = {isa = PBXFileReference; lastKnownFileType = sourcecode.swift; path = RepoStatsVC.swift; sourceTree = "<group>"; };
		7FFBEF7323C6DBC300727847 /* FollowerStatsVC.swift */ = {isa = PBXFileReference; lastKnownFileType = sourcecode.swift; path = FollowerStatsVC.swift; sourceTree = "<group>"; };
		7FFF650323F26E1500900693 /* AlertVC.swift */ = {isa = PBXFileReference; lastKnownFileType = sourcecode.swift; path = AlertVC.swift; sourceTree = "<group>"; };
/* End PBXFileReference section */

/* Begin PBXFrameworksBuildPhase section */
		7F4109B923B540400046664D /* Frameworks */ = {
			isa = PBXFrameworksBuildPhase;
			buildActionMask = 2147483647;
			files = (
			);
			runOnlyForDeploymentPostprocessing = 0;
		};
		7F4109CF23B540410046664D /* Frameworks */ = {
			isa = PBXFrameworksBuildPhase;
			buildActionMask = 2147483647;
			files = (
			);
			runOnlyForDeploymentPostprocessing = 0;
		};
		7F4109DA23B540410046664D /* Frameworks */ = {
			isa = PBXFrameworksBuildPhase;
			buildActionMask = 2147483647;
			files = (
			);
			runOnlyForDeploymentPostprocessing = 0;
		};
/* End PBXFrameworksBuildPhase section */

/* Begin PBXGroup section */
		7F4109B323B540400046664D = {
			isa = PBXGroup;
			children = (
				7F4109BE23B540400046664D /* GitHubFollowers */,
				7F4109D523B540410046664D /* GitHubFollowersTests */,
				7F4109E023B540410046664D /* GitHubFollowersUITests */,
				7F4109BD23B540400046664D /* Products */,
			);
			sourceTree = "<group>";
		};
		7F4109BD23B540400046664D /* Products */ = {
			isa = PBXGroup;
			children = (
				7F4109BC23B540400046664D /* Followers.app */,
				7F4109D223B540410046664D /* GitHubFollowersTests.xctest */,
				7F4109DD23B540410046664D /* GitHubFollowersUITests.xctest */,
			);
			name = Products;
			sourceTree = "<group>";
		};
		7F4109BE23B540400046664D /* GitHubFollowers */ = {
			isa = PBXGroup;
			children = (
				7F4109CD23B540410046664D /* Info.plist */,
				7F4109CA23B540410046664D /* LaunchScreen.storyboard */,
				7F892A9023FCA78B0015EE16 /* Views */,
				7FFF650223F26DB300900693 /* Alert Views */,
				7FF23B2623DB90DC001C703C /* Services */,
				7FDB3CB323B7C2EF00164B9D /* Constants */,
				7FDB3CB023B7B87A00164B9D /* Models */,
				7F4109EF23B541390046664D /* Supporting Files */,
				7FDB3CB623B7C5CE00164B9D /* Cells */,
				7F6E88FB2401A4540094B401 /* Screens */,
				7F6E88FC2401A5E70094B401 /* Container Views */,
			);
			path = GitHubFollowers;
			sourceTree = "<group>";
		};
		7F4109D523B540410046664D /* GitHubFollowersTests */ = {
			isa = PBXGroup;
			children = (
				7F4109D623B540410046664D /* GitHubFollowersTests.swift */,
				7F4109D823B540410046664D /* Info.plist */,
			);
			path = GitHubFollowersTests;
			sourceTree = "<group>";
		};
		7F4109E023B540410046664D /* GitHubFollowersUITests */ = {
			isa = PBXGroup;
			children = (
				7F4109E123B540410046664D /* GitHubFollowersUITests.swift */,
				7F4109E323B540410046664D /* Info.plist */,
			);
			path = GitHubFollowersUITests;
			sourceTree = "<group>";
		};
		7F4109EF23B541390046664D /* Supporting Files */ = {
			isa = PBXGroup;
			children = (
				7F4109BF23B540400046664D /* AppDelegate.swift */,
				7F4109C123B540400046664D /* SceneDelegate.swift */,
				7F4109C823B540410046664D /* Assets.xcassets */,
			);
			path = "Supporting Files";
			sourceTree = "<group>";
		};
		7F6E88FB2401A4540094B401 /* Screens */ = {
			isa = PBXGroup;
			children = (
				7FF6A97723BDAE2C00172027 /* FollowerDetailsVC.swift */,
				7F4109F623B54C650046664D /* SearchVC.swift */,
				7F4109F823B54C9C0046664D /* FavoritesVC.swift */,
				7F4109FC23B5AC760046664D /* FollowersVC.swift */,
			);
			path = Screens;
			sourceTree = "<group>";
		};
		7F6E88FC2401A5E70094B401 /* Container Views */ = {
			isa = PBXGroup;
			children = (
				7F4109F423B544F90046664D /* MainTabBarVC.swift */,
				7FF9D06023C1A1730082FBCD /* FollowerInfoVC.swift */,
				7FFBEF7123C6DB7E00727847 /* RepoStatsVC.swift */,
				7FFBEF7323C6DBC300727847 /* FollowerStatsVC.swift */,
				7F23AC2A23CD0CD900A6210D /* RepoStatsNumbersVC.swift */,
			);
			path = "Container Views";
			sourceTree = "<group>";
		};
		7F892A9023FCA78B0015EE16 /* Views */ = {
			isa = PBXGroup;
			children = (
				7FC68A1E23E14613000A7256 /* NoFollowersView.swift */,
				7F892A9123FCA8420015EE16 /* ErrorMessageView.swift */,
			);
			path = Views;
			sourceTree = "<group>";
		};
		7FDB3CB023B7B87A00164B9D /* Models */ = {
			isa = PBXGroup;
			children = (
				7FF796E623BE6DEA00F9C61E /* User.swift */,
				7FDB3CB123B7B8EF00164B9D /* Follower.swift */,
			);
			path = Models;
			sourceTree = "<group>";
		};
		7FDB3CB323B7C2EF00164B9D /* Constants */ = {
			isa = PBXGroup;
			children = (
				7FDB3CB423B7C31500164B9D /* Constants.swift */,
			);
			path = Constants;
			sourceTree = "<group>";
		};
		7FDB3CB623B7C5CE00164B9D /* Cells */ = {
			isa = PBXGroup;
			children = (
				7FDB3CB723B7C5F600164B9D /* FollowerCell.swift */,
				7FE1659C24009D5F00ADD52A /* FavoritesCell.swift */,
			);
			path = Cells;
			sourceTree = "<group>";
		};
		7FF23B2623DB90DC001C703C /* Services */ = {
			isa = PBXGroup;
			children = (
				7F0DBABC23F4BF4500BA8816 /* GitHubAPIService.swift */,
			);
			path = Services;
			sourceTree = "<group>";
		};
		7FFF650223F26DB300900693 /* Alert Views */ = {
			isa = PBXGroup;
			children = (
				7FFF650323F26E1500900693 /* AlertVC.swift */,
			);
			path = "Alert Views";
			sourceTree = "<group>";
		};
/* End PBXGroup section */

/* Begin PBXNativeTarget section */
		7F4109BB23B540400046664D /* GitHubFollowers */ = {
			isa = PBXNativeTarget;
			buildConfigurationList = 7F4109E623B540410046664D /* Build configuration list for PBXNativeTarget "GitHubFollowers" */;
			buildPhases = (
				7F4109B823B540400046664D /* Sources */,
				7F4109B923B540400046664D /* Frameworks */,
				7F4109BA23B540400046664D /* Resources */,
				7F1FC2D12404692C00C963A1 /* ShellScript */,
			);
			buildRules = (
			);
			dependencies = (
			);
			name = GitHubFollowers;
			productName = GitHubFollowers;
			productReference = 7F4109BC23B540400046664D /* Followers.app */;
			productType = "com.apple.product-type.application";
		};
		7F4109D123B540410046664D /* GitHubFollowersTests */ = {
			isa = PBXNativeTarget;
			buildConfigurationList = 7F4109E923B540410046664D /* Build configuration list for PBXNativeTarget "GitHubFollowersTests" */;
			buildPhases = (
				7F4109CE23B540410046664D /* Sources */,
				7F4109CF23B540410046664D /* Frameworks */,
				7F4109D023B540410046664D /* Resources */,
			);
			buildRules = (
			);
			dependencies = (
				7F4109D423B540410046664D /* PBXTargetDependency */,
			);
			name = GitHubFollowersTests;
			productName = GitHubFollowersTests;
			productReference = 7F4109D223B540410046664D /* GitHubFollowersTests.xctest */;
			productType = "com.apple.product-type.bundle.unit-test";
		};
		7F4109DC23B540410046664D /* GitHubFollowersUITests */ = {
			isa = PBXNativeTarget;
			buildConfigurationList = 7F4109EC23B540410046664D /* Build configuration list for PBXNativeTarget "GitHubFollowersUITests" */;
			buildPhases = (
				7F4109D923B540410046664D /* Sources */,
				7F4109DA23B540410046664D /* Frameworks */,
				7F4109DB23B540410046664D /* Resources */,
			);
			buildRules = (
			);
			dependencies = (
				7F4109DF23B540410046664D /* PBXTargetDependency */,
			);
			name = GitHubFollowersUITests;
			productName = GitHubFollowersUITests;
			productReference = 7F4109DD23B540410046664D /* GitHubFollowersUITests.xctest */;
			productType = "com.apple.product-type.bundle.ui-testing";
		};
/* End PBXNativeTarget section */

/* Begin PBXProject section */
		7F4109B423B540400046664D /* Project object */ = {
			isa = PBXProject;
			attributes = {
				LastSwiftUpdateCheck = 1130;
				LastUpgradeCheck = 1130;
				ORGANIZATIONNAME = "Robert Ramirez";
				TargetAttributes = {
					7F4109BB23B540400046664D = {
						CreatedOnToolsVersion = 11.3;
					};
					7F4109D123B540410046664D = {
						CreatedOnToolsVersion = 11.3;
						TestTargetID = 7F4109BB23B540400046664D;
					};
					7F4109DC23B540410046664D = {
						CreatedOnToolsVersion = 11.3;
						TestTargetID = 7F4109BB23B540400046664D;
					};
				};
			};
			buildConfigurationList = 7F4109B723B540400046664D /* Build configuration list for PBXProject "GitHubFollowers" */;
			compatibilityVersion = "Xcode 9.3";
			developmentRegion = en;
			hasScannedForEncodings = 0;
			knownRegions = (
				en,
				Base,
			);
			mainGroup = 7F4109B323B540400046664D;
			productRefGroup = 7F4109BD23B540400046664D /* Products */;
			projectDirPath = "";
			projectRoot = "";
			targets = (
				7F4109BB23B540400046664D /* GitHubFollowers */,
				7F4109D123B540410046664D /* GitHubFollowersTests */,
				7F4109DC23B540410046664D /* GitHubFollowersUITests */,
			);
		};
/* End PBXProject section */

/* Begin PBXResourcesBuildPhase section */
		7F4109BA23B540400046664D /* Resources */ = {
			isa = PBXResourcesBuildPhase;
			buildActionMask = 2147483647;
			files = (
				7F4109CC23B540410046664D /* LaunchScreen.storyboard in Resources */,
				7F4109C923B540410046664D /* Assets.xcassets in Resources */,
			);
			runOnlyForDeploymentPostprocessing = 0;
		};
		7F4109D023B540410046664D /* Resources */ = {
			isa = PBXResourcesBuildPhase;
			buildActionMask = 2147483647;
			files = (
			);
			runOnlyForDeploymentPostprocessing = 0;
		};
		7F4109DB23B540410046664D /* Resources */ = {
			isa = PBXResourcesBuildPhase;
			buildActionMask = 2147483647;
			files = (
			);
			runOnlyForDeploymentPostprocessing = 0;
		};
/* End PBXResourcesBuildPhase section */

/* Begin PBXShellScriptBuildPhase section */
		7F1FC2D12404692C00C963A1 /* ShellScript */ = {
			isa = PBXShellScriptBuildPhase;
			buildActionMask = 2147483647;
			files = (
			);
			inputFileListPaths = (
			);
			inputPaths = (
			);
			outputFileListPaths = (
			);
			outputPaths = (
			);
			runOnlyForDeploymentPostprocessing = 0;
			shellPath = /bin/sh;
			shellScript = "if which swiftlint >/dev/null; then\n  swiftlint\nelse\n  echo \"warning: SwiftLint not installed, download from https://github.com/realm/SwiftLint\"\nfi\n";
		};
/* End PBXShellScriptBuildPhase section */

/* Begin PBXSourcesBuildPhase section */
		7F4109B823B540400046664D /* Sources */ = {
			isa = PBXSourcesBuildPhase;
			buildActionMask = 2147483647;
			files = (
				7FF9D06123C1A1730082FBCD /* FollowerInfoVC.swift in Sources */,
				7FFBEF7223C6DB7E00727847 /* RepoStatsVC.swift in Sources */,
				7FFF650423F26E1500900693 /* AlertVC.swift in Sources */,
				7FFBEF7423C6DBC300727847 /* FollowerStatsVC.swift in Sources */,
				7F4109F523B544F90046664D /* MainTabBarVC.swift in Sources */,
				7FDB3CB223B7B8EF00164B9D /* Follower.swift in Sources */,
				7F4109F723B54C650046664D /* SearchVC.swift in Sources */,
				7F23AC2B23CD0CD900A6210D /* RepoStatsNumbersVC.swift in Sources */,
				7F4109C023B540400046664D /* AppDelegate.swift in Sources */,
				7FC68A1F23E14613000A7256 /* NoFollowersView.swift in Sources */,
				7F4109FD23B5AC760046664D /* FollowersVC.swift in Sources */,
				7FDB3CB523B7C31500164B9D /* Constants.swift in Sources */,
				7FDB3CB823B7C5F600164B9D /* FollowerCell.swift in Sources */,
				7FE1659D24009D5F00ADD52A /* FavoritesCell.swift in Sources */,
				7F0DBABD23F4BF4500BA8816 /* GitHubAPIService.swift in Sources */,
				7F892A9223FCA8420015EE16 /* ErrorMessageView.swift in Sources */,
				7FF6A97823BDAE2C00172027 /* FollowerDetailsVC.swift in Sources */,
				7F4109F923B54C9C0046664D /* FavoritesVC.swift in Sources */,
				7F4109C223B540400046664D /* SceneDelegate.swift in Sources */,
				7FF796E723BE6DEA00F9C61E /* User.swift in Sources */,
			);
			runOnlyForDeploymentPostprocessing = 0;
		};
		7F4109CE23B540410046664D /* Sources */ = {
			isa = PBXSourcesBuildPhase;
			buildActionMask = 2147483647;
			files = (
				7F4109D723B540410046664D /* GitHubFollowersTests.swift in Sources */,
			);
			runOnlyForDeploymentPostprocessing = 0;
		};
		7F4109D923B540410046664D /* Sources */ = {
			isa = PBXSourcesBuildPhase;
			buildActionMask = 2147483647;
			files = (
				7F4109E223B540410046664D /* GitHubFollowersUITests.swift in Sources */,
			);
			runOnlyForDeploymentPostprocessing = 0;
		};
/* End PBXSourcesBuildPhase section */

/* Begin PBXTargetDependency section */
		7F4109D423B540410046664D /* PBXTargetDependency */ = {
			isa = PBXTargetDependency;
			target = 7F4109BB23B540400046664D /* GitHubFollowers */;
			targetProxy = 7F4109D323B540410046664D /* PBXContainerItemProxy */;
		};
		7F4109DF23B540410046664D /* PBXTargetDependency */ = {
			isa = PBXTargetDependency;
			target = 7F4109BB23B540400046664D /* GitHubFollowers */;
			targetProxy = 7F4109DE23B540410046664D /* PBXContainerItemProxy */;
		};
/* End PBXTargetDependency section */

/* Begin PBXVariantGroup section */
		7F4109CA23B540410046664D /* LaunchScreen.storyboard */ = {
			isa = PBXVariantGroup;
			children = (
				7F4109CB23B540410046664D /* Base */,
			);
			name = LaunchScreen.storyboard;
			sourceTree = "<group>";
		};
/* End PBXVariantGroup section */

/* Begin XCBuildConfiguration section */
		7F4109E423B540410046664D /* Debug */ = {
			isa = XCBuildConfiguration;
			buildSettings = {
				ALWAYS_SEARCH_USER_PATHS = NO;
				CLANG_ANALYZER_NONNULL = YES;
				CLANG_ANALYZER_NUMBER_OBJECT_CONVERSION = YES_AGGRESSIVE;
				CLANG_CXX_LANGUAGE_STANDARD = "gnu++14";
				CLANG_CXX_LIBRARY = "libc++";
				CLANG_ENABLE_MODULES = YES;
				CLANG_ENABLE_OBJC_ARC = YES;
				CLANG_ENABLE_OBJC_WEAK = YES;
				CLANG_WARN_BLOCK_CAPTURE_AUTORELEASING = YES;
				CLANG_WARN_BOOL_CONVERSION = YES;
				CLANG_WARN_COMMA = YES;
				CLANG_WARN_CONSTANT_CONVERSION = YES;
				CLANG_WARN_DEPRECATED_OBJC_IMPLEMENTATIONS = YES;
				CLANG_WARN_DIRECT_OBJC_ISA_USAGE = YES_ERROR;
				CLANG_WARN_DOCUMENTATION_COMMENTS = YES;
				CLANG_WARN_EMPTY_BODY = YES;
				CLANG_WARN_ENUM_CONVERSION = YES;
				CLANG_WARN_INFINITE_RECURSION = YES;
				CLANG_WARN_INT_CONVERSION = YES;
				CLANG_WARN_NON_LITERAL_NULL_CONVERSION = YES;
				CLANG_WARN_OBJC_IMPLICIT_RETAIN_SELF = YES;
				CLANG_WARN_OBJC_LITERAL_CONVERSION = YES;
				CLANG_WARN_OBJC_ROOT_CLASS = YES_ERROR;
				CLANG_WARN_RANGE_LOOP_ANALYSIS = YES;
				CLANG_WARN_STRICT_PROTOTYPES = YES;
				CLANG_WARN_SUSPICIOUS_MOVE = YES;
				CLANG_WARN_UNGUARDED_AVAILABILITY = YES_AGGRESSIVE;
				CLANG_WARN_UNREACHABLE_CODE = YES;
				CLANG_WARN__DUPLICATE_METHOD_MATCH = YES;
				COPY_PHASE_STRIP = NO;
				DEBUG_INFORMATION_FORMAT = dwarf;
				ENABLE_STRICT_OBJC_MSGSEND = YES;
				ENABLE_TESTABILITY = YES;
				GCC_C_LANGUAGE_STANDARD = gnu11;
				GCC_DYNAMIC_NO_PIC = NO;
				GCC_NO_COMMON_BLOCKS = YES;
				GCC_OPTIMIZATION_LEVEL = 0;
				GCC_PREPROCESSOR_DEFINITIONS = (
					"DEBUG=1",
					"$(inherited)",
				);
				GCC_WARN_64_TO_32_BIT_CONVERSION = YES;
				GCC_WARN_ABOUT_RETURN_TYPE = YES_ERROR;
				GCC_WARN_UNDECLARED_SELECTOR = YES;
				GCC_WARN_UNINITIALIZED_AUTOS = YES_AGGRESSIVE;
				GCC_WARN_UNUSED_FUNCTION = YES;
				GCC_WARN_UNUSED_VARIABLE = YES;
				IPHONEOS_DEPLOYMENT_TARGET = 13.2;
				MTL_ENABLE_DEBUG_INFO = INCLUDE_SOURCE;
				MTL_FAST_MATH = YES;
				ONLY_ACTIVE_ARCH = YES;
				SDKROOT = iphoneos;
				SWIFT_ACTIVE_COMPILATION_CONDITIONS = DEBUG;
				SWIFT_OPTIMIZATION_LEVEL = "-Onone";
			};
			name = Debug;
		};
		7F4109E523B540410046664D /* Release */ = {
			isa = XCBuildConfiguration;
			buildSettings = {
				ALWAYS_SEARCH_USER_PATHS = NO;
				CLANG_ANALYZER_NONNULL = YES;
				CLANG_ANALYZER_NUMBER_OBJECT_CONVERSION = YES_AGGRESSIVE;
				CLANG_CXX_LANGUAGE_STANDARD = "gnu++14";
				CLANG_CXX_LIBRARY = "libc++";
				CLANG_ENABLE_MODULES = YES;
				CLANG_ENABLE_OBJC_ARC = YES;
				CLANG_ENABLE_OBJC_WEAK = YES;
				CLANG_WARN_BLOCK_CAPTURE_AUTORELEASING = YES;
				CLANG_WARN_BOOL_CONVERSION = YES;
				CLANG_WARN_COMMA = YES;
				CLANG_WARN_CONSTANT_CONVERSION = YES;
				CLANG_WARN_DEPRECATED_OBJC_IMPLEMENTATIONS = YES;
				CLANG_WARN_DIRECT_OBJC_ISA_USAGE = YES_ERROR;
				CLANG_WARN_DOCUMENTATION_COMMENTS = YES;
				CLANG_WARN_EMPTY_BODY = YES;
				CLANG_WARN_ENUM_CONVERSION = YES;
				CLANG_WARN_INFINITE_RECURSION = YES;
				CLANG_WARN_INT_CONVERSION = YES;
				CLANG_WARN_NON_LITERAL_NULL_CONVERSION = YES;
				CLANG_WARN_OBJC_IMPLICIT_RETAIN_SELF = YES;
				CLANG_WARN_OBJC_LITERAL_CONVERSION = YES;
				CLANG_WARN_OBJC_ROOT_CLASS = YES_ERROR;
				CLANG_WARN_RANGE_LOOP_ANALYSIS = YES;
				CLANG_WARN_STRICT_PROTOTYPES = YES;
				CLANG_WARN_SUSPICIOUS_MOVE = YES;
				CLANG_WARN_UNGUARDED_AVAILABILITY = YES_AGGRESSIVE;
				CLANG_WARN_UNREACHABLE_CODE = YES;
				CLANG_WARN__DUPLICATE_METHOD_MATCH = YES;
				COPY_PHASE_STRIP = NO;
				DEBUG_INFORMATION_FORMAT = "dwarf-with-dsym";
				ENABLE_NS_ASSERTIONS = NO;
				ENABLE_STRICT_OBJC_MSGSEND = YES;
				GCC_C_LANGUAGE_STANDARD = gnu11;
				GCC_NO_COMMON_BLOCKS = YES;
				GCC_WARN_64_TO_32_BIT_CONVERSION = YES;
				GCC_WARN_ABOUT_RETURN_TYPE = YES_ERROR;
				GCC_WARN_UNDECLARED_SELECTOR = YES;
				GCC_WARN_UNINITIALIZED_AUTOS = YES_AGGRESSIVE;
				GCC_WARN_UNUSED_FUNCTION = YES;
				GCC_WARN_UNUSED_VARIABLE = YES;
				IPHONEOS_DEPLOYMENT_TARGET = 13.2;
				MTL_ENABLE_DEBUG_INFO = NO;
				MTL_FAST_MATH = YES;
				SDKROOT = iphoneos;
				SWIFT_COMPILATION_MODE = wholemodule;
				SWIFT_OPTIMIZATION_LEVEL = "-O";
				VALIDATE_PRODUCT = YES;
			};
			name = Release;
		};
		7F4109E723B540410046664D /* Debug */ = {
			isa = XCBuildConfiguration;
			buildSettings = {
				ASSETCATALOG_COMPILER_APPICON_NAME = AppIcon;
				CODE_SIGN_STYLE = Automatic;
				DEVELOPMENT_TEAM = 5USK86TXPH;
				INFOPLIST_FILE = GitHubFollowers/Info.plist;
				LD_RUNPATH_SEARCH_PATHS = (
					"$(inherited)",
					"@executable_path/Frameworks",
				);
				PRODUCT_BUNDLE_IDENTIFIER = rramirez.projects.GitHubFollowers;
				PRODUCT_NAME = Followers;
				SWIFT_VERSION = 5.0;
				TARGETED_DEVICE_FAMILY = 1;
			};
			name = Debug;
		};
		7F4109E823B540410046664D /* Release */ = {
			isa = XCBuildConfiguration;
			buildSettings = {
				ASSETCATALOG_COMPILER_APPICON_NAME = AppIcon;
				CODE_SIGN_STYLE = Automatic;
				DEVELOPMENT_TEAM = 5USK86TXPH;
				INFOPLIST_FILE = GitHubFollowers/Info.plist;
				LD_RUNPATH_SEARCH_PATHS = (
					"$(inherited)",
					"@executable_path/Frameworks",
				);
				PRODUCT_BUNDLE_IDENTIFIER = rramirez.projects.GitHubFollowers;
				PRODUCT_NAME = Followers;
				SWIFT_VERSION = 5.0;
				TARGETED_DEVICE_FAMILY = 1;
			};
			name = Release;
		};
		7F4109EA23B540410046664D /* Debug */ = {
			isa = XCBuildConfiguration;
			buildSettings = {
				ALWAYS_EMBED_SWIFT_STANDARD_LIBRARIES = YES;
				BUNDLE_LOADER = "$(TEST_HOST)";
				CODE_SIGN_STYLE = Automatic;
				DEVELOPMENT_TEAM = 5USK86TXPH;
				INFOPLIST_FILE = GitHubFollowersTests/Info.plist;
				IPHONEOS_DEPLOYMENT_TARGET = 13.2;
				LD_RUNPATH_SEARCH_PATHS = (
					"$(inherited)",
					"@executable_path/Frameworks",
					"@loader_path/Frameworks",
				);
				PRODUCT_BUNDLE_IDENTIFIER = rramirez.projects.GitHubFollowersTests;
				PRODUCT_NAME = "$(TARGET_NAME)";
				SWIFT_VERSION = 5.0;
				TARGETED_DEVICE_FAMILY = "1,2";
				TEST_HOST = "$(BUILT_PRODUCTS_DIR)/GitHubFollowers.app/GitHubFollowers";
			};
			name = Debug;
		};
		7F4109EB23B540410046664D /* Release */ = {
			isa = XCBuildConfiguration;
			buildSettings = {
				ALWAYS_EMBED_SWIFT_STANDARD_LIBRARIES = YES;
				BUNDLE_LOADER = "$(TEST_HOST)";
				CODE_SIGN_STYLE = Automatic;
				DEVELOPMENT_TEAM = 5USK86TXPH;
				INFOPLIST_FILE = GitHubFollowersTests/Info.plist;
				IPHONEOS_DEPLOYMENT_TARGET = 13.2;
				LD_RUNPATH_SEARCH_PATHS = (
					"$(inherited)",
					"@executable_path/Frameworks",
					"@loader_path/Frameworks",
				);
				PRODUCT_BUNDLE_IDENTIFIER = rramirez.projects.GitHubFollowersTests;
				PRODUCT_NAME = "$(TARGET_NAME)";
				SWIFT_VERSION = 5.0;
				TARGETED_DEVICE_FAMILY = "1,2";
				TEST_HOST = "$(BUILT_PRODUCTS_DIR)/GitHubFollowers.app/GitHubFollowers";
			};
			name = Release;
		};
		7F4109ED23B540410046664D /* Debug */ = {
			isa = XCBuildConfiguration;
			buildSettings = {
				ALWAYS_EMBED_SWIFT_STANDARD_LIBRARIES = YES;
				CODE_SIGN_STYLE = Automatic;
				DEVELOPMENT_TEAM = 5USK86TXPH;
				INFOPLIST_FILE = GitHubFollowersUITests/Info.plist;
				LD_RUNPATH_SEARCH_PATHS = (
					"$(inherited)",
					"@executable_path/Frameworks",
					"@loader_path/Frameworks",
				);
				PRODUCT_BUNDLE_IDENTIFIER = rramirez.projects.GitHubFollowersUITests;
				PRODUCT_NAME = "$(TARGET_NAME)";
				SWIFT_VERSION = 5.0;
				TARGETED_DEVICE_FAMILY = "1,2";
				TEST_TARGET_NAME = GitHubFollowers;
			};
			name = Debug;
		};
		7F4109EE23B540410046664D /* Release */ = {
			isa = XCBuildConfiguration;
			buildSettings = {
				ALWAYS_EMBED_SWIFT_STANDARD_LIBRARIES = YES;
				CODE_SIGN_STYLE = Automatic;
				DEVELOPMENT_TEAM = 5USK86TXPH;
				INFOPLIST_FILE = GitHubFollowersUITests/Info.plist;
				LD_RUNPATH_SEARCH_PATHS = (
					"$(inherited)",
					"@executable_path/Frameworks",
					"@loader_path/Frameworks",
				);
				PRODUCT_BUNDLE_IDENTIFIER = rramirez.projects.GitHubFollowersUITests;
				PRODUCT_NAME = "$(TARGET_NAME)";
				SWIFT_VERSION = 5.0;
				TARGETED_DEVICE_FAMILY = "1,2";
				TEST_TARGET_NAME = GitHubFollowers;
			};
			name = Release;
		};
/* End XCBuildConfiguration section */

/* Begin XCConfigurationList section */
		7F4109B723B540400046664D /* Build configuration list for PBXProject "GitHubFollowers" */ = {
			isa = XCConfigurationList;
			buildConfigurations = (
				7F4109E423B540410046664D /* Debug */,
				7F4109E523B540410046664D /* Release */,
			);
			defaultConfigurationIsVisible = 0;
			defaultConfigurationName = Release;
		};
		7F4109E623B540410046664D /* Build configuration list for PBXNativeTarget "GitHubFollowers" */ = {
			isa = XCConfigurationList;
			buildConfigurations = (
				7F4109E723B540410046664D /* Debug */,
				7F4109E823B540410046664D /* Release */,
			);
			defaultConfigurationIsVisible = 0;
			defaultConfigurationName = Release;
		};
		7F4109E923B540410046664D /* Build configuration list for PBXNativeTarget "GitHubFollowersTests" */ = {
			isa = XCConfigurationList;
			buildConfigurations = (
				7F4109EA23B540410046664D /* Debug */,
				7F4109EB23B540410046664D /* Release */,
			);
			defaultConfigurationIsVisible = 0;
			defaultConfigurationName = Release;
		};
		7F4109EC23B540410046664D /* Build configuration list for PBXNativeTarget "GitHubFollowersUITests" */ = {
			isa = XCConfigurationList;
			buildConfigurations = (
				7F4109ED23B540410046664D /* Debug */,
				7F4109EE23B540410046664D /* Release */,
			);
			defaultConfigurationIsVisible = 0;
			defaultConfigurationName = Release;
		};
/* End XCConfigurationList section */
	};
	rootObject = 7F4109B423B540400046664D /* Project object */;
}
